
Microsoft Visual Studio Solution File, Format Version 12.00
# Visual Studio 2013
VisualStudioVersion = 12.0.21005.1
MinimumVisualStudioVersion = 10.0.40219.1
Project("{FAE04EC0-301F-11D3-BF4B-00C04F79EFBC}") = "RediSessionLibrary", "RediSessionLibrary\RediSessionLibrary.csproj", "{7484B700-6F8D-4720-93F2-477971CA8D27}"
EndProject
Project("{FAE04EC0-301F-11D3-BF4B-00C04F79EFBC}") = "RedisSessionWebSample", "RedisSessionWebSample\RedisSessionWebSample.csproj", "{9BBF06A2-D62A-4AFB-8C80-B041E8D5D11B}"
EndProject
Project("{2150E333-8FDC-42A3-9474-1A3956D46DE8}") = "Solution Items", "Solution Items", "{3DBDCFA8-C0C2-42F6-9867-036843BBB5B8}"
	ProjectSection(SolutionItems) = preProject
		LICENSE = LICENSE
		README.md = README.md
	EndProjectSection
EndProject
Global
	GlobalSection(SolutionConfigurationPlatforms) = preSolution
		Debug|Any CPU = Debug|Any CPU
		Release|Any CPU = Release|Any CPU
	EndGlobalSection
	GlobalSection(ProjectConfigurationPlatforms) = postSolution
		{7484B700-6F8D-4720-93F2-477971CA8D27}.Debug|Any CPU.ActiveCfg = Debug|Any CPU
		{7484B700-6F8D-4720-93F2-477971CA8D27}.Debug|Any CPU.Build.0 = Debug|Any CPU
		{7484B700-6F8D-4720-93F2-477971CA8D27}.Release|Any CPU.ActiveCfg = Release|Any CPU
		{7484B700-6F8D-4720-93F2-477971CA8D27}.Release|Any CPU.Build.0 = Release|Any CPU
		{9BBF06A2-D62A-4AFB-8C80-B041E8D5D11B}.Debug|Any CPU.ActiveCfg = Debug|Any CPU
		{9BBF06A2-D62A-4AFB-8C80-B041E8D5D11B}.Debug|Any CPU.Build.0 = Debug|Any CPU
		{9BBF06A2-D62A-4AFB-8C80-B041E8D5D11B}.Release|Any CPU.ActiveCfg = Release|Any CPU
		{9BBF06A2-D62A-4AFB-8C80-B041E8D5D11B}.Release|Any CPU.Build.0 = Release|Any CPU
	EndGlobalSection
	GlobalSection(SolutionProperties) = preSolution
		HideSolutionNode = FALSE
	EndGlobalSection
EndGlobal
